
Microsoft Visual Studio Solution File, Format Version 12.00
# Visual Studio Version 17
VisualStudioVersion = 17.14.36127.28 d17.14
MinimumVisualStudioVersion = 10.0.40219.1
Project("{FAE04EC0-301F-11D3-BF4B-00C04F79EFBC}") = "Portfolio", "Portfolio\Portfolio.csproj", "{6C7A40E6-9039-4FCE-B3EB-D798880D828F}"
EndProject
Global
	GlobalSection(SolutionConfigurationPlatforms) = preSolution
		Debug|Any CPU = Debug|Any CPU
		Release|Any CPU = Release|Any CPU
	EndGlobalSection
	GlobalSection(ProjectConfigurationPlatforms) = postSolution
		{6C7A40E6-9039-4FCE-B3EB-D798880D828F}.Debug|Any CPU.ActiveCfg = Debug|Any CPU
		{6C7A40E6-9039-4FCE-B3EB-D798880D828F}.Debug|Any CPU.Build.0 = Debug|Any CPU
		{6C7A40E6-9039-4FCE-B3EB-D798880D828F}.Release|Any CPU.ActiveCfg = Release|Any CPU
		{6C7A40E6-9039-4FCE-B3EB-D798880D828F}.Release|Any CPU.Build.0 = Release|Any CPU
	EndGlobalSection
	GlobalSection(SolutionProperties) = preSolution
		HideSolutionNode = FALSE
	EndGlobalSection
	GlobalSection(ExtensibilityGlobals) = postSolution
		SolutionGuid = {2273A65D-C146-45E8-88AD-940B59DDC6D7}
	EndGlobalSection
EndGlobal
